// !$*UTF8*$!
{
	archiveVersion = 1;
	classes = {
	};
	objectVersion = 55;
	objects = {

/* Begin PBXBuildFile section */
		1594B4DF27CA3551008CFA7B /* UserDetailModule.swift in Sources */ = {isa = PBXBuildFile; fileRef = 1594B4DE27CA3551008CFA7B /* UserDetailModule.swift */; };
		15E2259227C9EADB00C0642B /* AppDelegate.swift in Sources */ = {isa = PBXBuildFile; fileRef = 15E2259127C9EADB00C0642B /* AppDelegate.swift */; };
		15E2259427C9EADB00C0642B /* SceneDelegate.swift in Sources */ = {isa = PBXBuildFile; fileRef = 15E2259327C9EADB00C0642B /* SceneDelegate.swift */; };
		15E2259B27C9EADE00C0642B /* Assets.xcassets in Resources */ = {isa = PBXBuildFile; fileRef = 15E2259A27C9EADE00C0642B /* Assets.xcassets */; };
		15E2259E27C9EADE00C0642B /* LaunchScreen.storyboard in Resources */ = {isa = PBXBuildFile; fileRef = 15E2259C27C9EADE00C0642B /* LaunchScreen.storyboard */; };
		15E225A827C9EB3B00C0642B /* AnyView.swift in Sources */ = {isa = PBXBuildFile; fileRef = 15E225A727C9EB3B00C0642B /* AnyView.swift */; };
		15E225AA27C9EB6900C0642B /* UserListViewController.swift in Sources */ = {isa = PBXBuildFile; fileRef = 15E225A927C9EB6900C0642B /* UserListViewController.swift */; };
		15E225AC27C9EBA200C0642B /* AnyPresenter.swift in Sources */ = {isa = PBXBuildFile; fileRef = 15E225AB27C9EBA200C0642B /* AnyPresenter.swift */; };
		15E225AE27C9EBCA00C0642B /* UserPresenter.swift in Sources */ = {isa = PBXBuildFile; fileRef = 15E225AD27C9EBCA00C0642B /* UserPresenter.swift */; };
		15E225B027C9EBEC00C0642B /* AnyInteractor.swift in Sources */ = {isa = PBXBuildFile; fileRef = 15E225AF27C9EBEC00C0642B /* AnyInteractor.swift */; };
		15E225B227C9EC3800C0642B /* UserInteractor.swift in Sources */ = {isa = PBXBuildFile; fileRef = 15E225B127C9EC3800C0642B /* UserInteractor.swift */; };
		15E225B427C9EC8900C0642B /* UserError.swift in Sources */ = {isa = PBXBuildFile; fileRef = 15E225B327C9EC8900C0642B /* UserError.swift */; };
		15E225B627C9ECB800C0642B /* AnyRouter.swift in Sources */ = {isa = PBXBuildFile; fileRef = 15E225B527C9ECB800C0642B /* AnyRouter.swift */; };
		15E225B827C9ECDB00C0642B /* UserRouter.swift in Sources */ = {isa = PBXBuildFile; fileRef = 15E225B727C9ECDB00C0642B /* UserRouter.swift */; };
		15E225BA27C9EE5300C0642B /* User.swift in Sources */ = {isa = PBXBuildFile; fileRef = 15E225B927C9EE5300C0642B /* User.swift */; };
		15E225C927CA075900C0642B /* AnyDetailView.swift in Sources */ = {isa = PBXBuildFile; fileRef = 15E225C827CA075900C0642B /* AnyDetailView.swift */; };
		15E225CB27CA078F00C0642B /* UserDetailViewController.swift in Sources */ = {isa = PBXBuildFile; fileRef = 15E225CA27CA078F00C0642B /* UserDetailViewController.swift */; };
		15E225CD27CA07B700C0642B /* AnyDetailInteractor.swift in Sources */ = {isa = PBXBuildFile; fileRef = 15E225CC27CA07B700C0642B /* AnyDetailInteractor.swift */; };
		15E225CF27CA07CF00C0642B /* AnyDetailPresenter.swift in Sources */ = {isa = PBXBuildFile; fileRef = 15E225CE27CA07CF00C0642B /* AnyDetailPresenter.swift */; };
		15E225D127CA07DB00C0642B /* UserDetail.swift in Sources */ = {isa = PBXBuildFile; fileRef = 15E225D027CA07DB00C0642B /* UserDetail.swift */; };
		15E225D327CA07EF00C0642B /* UserDetailRouter.swift in Sources */ = {isa = PBXBuildFile; fileRef = 15E225D227CA07EF00C0642B /* UserDetailRouter.swift */; };
		15E225D527CA080200C0642B /* AnyDetailRouter.swift in Sources */ = {isa = PBXBuildFile; fileRef = 15E225D427CA080200C0642B /* AnyDetailRouter.swift */; };
		15E225D727CA0C0200C0642B /* UserDetailPresenter.swift in Sources */ = {isa = PBXBuildFile; fileRef = 15E225D627CA0C0200C0642B /* UserDetailPresenter.swift */; };
		15E225D927CA0D8B00C0642B /* UserDetailInteractor.swift in Sources */ = {isa = PBXBuildFile; fileRef = 15E225D827CA0D8B00C0642B /* UserDetailInteractor.swift */; };
		15E225DB27CA329500C0642B /* UserModule.swift in Sources */ = {isa = PBXBuildFile; fileRef = 15E225DA27CA329500C0642B /* UserModule.swift */; };
/* End PBXBuildFile section */

/* Begin PBXFileReference section */
		1594B4DE27CA3551008CFA7B /* UserDetailModule.swift */ = {isa = PBXFileReference; lastKnownFileType = sourcecode.swift; path = UserDetailModule.swift; sourceTree = "<group>"; };
		15E2258E27C9EADB00C0642B /* VIPER_ARCH.app */ = {isa = PBXFileReference; explicitFileType = wrapper.application; includeInIndex = 0; path = VIPER_ARCH.app; sourceTree = BUILT_PRODUCTS_DIR; };
		15E2259127C9EADB00C0642B /* AppDelegate.swift */ = {isa = PBXFileReference; lastKnownFileType = sourcecode.swift; path = AppDelegate.swift; sourceTree = "<group>"; };
		15E2259327C9EADB00C0642B /* SceneDelegate.swift */ = {isa = PBXFileReference; lastKnownFileType = sourcecode.swift; path = SceneDelegate.swift; sourceTree = "<group>"; };
		15E2259A27C9EADE00C0642B /* Assets.xcassets */ = {isa = PBXFileReference; lastKnownFileType = folder.assetcatalog; path = Assets.xcassets; sourceTree = "<group>"; };
		15E2259D27C9EADE00C0642B /* Base */ = {isa = PBXFileReference; lastKnownFileType = file.storyboard; name = Base; path = Base.lproj/LaunchScreen.storyboard; sourceTree = "<group>"; };
		15E2259F27C9EADE00C0642B /* Info.plist */ = {isa = PBXFileReference; lastKnownFileType = text.plist.xml; path = Info.plist; sourceTree = "<group>"; };
		15E225A727C9EB3B00C0642B /* AnyView.swift */ = {isa = PBXFileReference; lastKnownFileType = sourcecode.swift; path = AnyView.swift; sourceTree = "<group>"; };
		15E225A927C9EB6900C0642B /* UserListViewController.swift */ = {isa = PBXFileReference; lastKnownFileType = sourcecode.swift; path = UserListViewController.swift; sourceTree = "<group>"; };
		15E225AB27C9EBA200C0642B /* AnyPresenter.swift */ = {isa = PBXFileReference; lastKnownFileType = sourcecode.swift; path = AnyPresenter.swift; sourceTree = "<group>"; };
		15E225AD27C9EBCA00C0642B /* UserPresenter.swift */ = {isa = PBXFileReference; lastKnownFileType = sourcecode.swift; path = UserPresenter.swift; sourceTree = "<group>"; };
		15E225AF27C9EBEC00C0642B /* AnyInteractor.swift */ = {isa = PBXFileReference; lastKnownFileType = sourcecode.swift; path = AnyInteractor.swift; sourceTree = "<group>"; };
		15E225B127C9EC3800C0642B /* UserInteractor.swift */ = {isa = PBXFileReference; lastKnownFileType = sourcecode.swift; path = UserInteractor.swift; sourceTree = "<group>"; };
		15E225B327C9EC8900C0642B /* UserError.swift */ = {isa = PBXFileReference; lastKnownFileType = sourcecode.swift; path = UserError.swift; sourceTree = "<group>"; };
		15E225B527C9ECB800C0642B /* AnyRouter.swift */ = {isa = PBXFileReference; lastKnownFileType = sourcecode.swift; path = AnyRouter.swift; sourceTree = "<group>"; };
		15E225B727C9ECDB00C0642B /* UserRouter.swift */ = {isa = PBXFileReference; lastKnownFileType = sourcecode.swift; path = UserRouter.swift; sourceTree = "<group>"; };
		15E225B927C9EE5300C0642B /* User.swift */ = {isa = PBXFileReference; lastKnownFileType = sourcecode.swift; path = User.swift; sourceTree = "<group>"; };
		15E225C827CA075900C0642B /* AnyDetailView.swift */ = {isa = PBXFileReference; lastKnownFileType = sourcecode.swift; path = AnyDetailView.swift; sourceTree = "<group>"; };
		15E225CA27CA078F00C0642B /* UserDetailViewController.swift */ = {isa = PBXFileReference; lastKnownFileType = sourcecode.swift; path = UserDetailViewController.swift; sourceTree = "<group>"; };
		15E225CC27CA07B700C0642B /* AnyDetailInteractor.swift */ = {isa = PBXFileReference; lastKnownFileType = sourcecode.swift; path = AnyDetailInteractor.swift; sourceTree = "<group>"; };
		15E225CE27CA07CF00C0642B /* AnyDetailPresenter.swift */ = {isa = PBXFileReference; lastKnownFileType = sourcecode.swift; path = AnyDetailPresenter.swift; sourceTree = "<group>"; };
		15E225D027CA07DB00C0642B /* UserDetail.swift */ = {isa = PBXFileReference; lastKnownFileType = sourcecode.swift; path = UserDetail.swift; sourceTree = "<group>"; };
		15E225D227CA07EF00C0642B /* UserDetailRouter.swift */ = {isa = PBXFileReference; lastKnownFileType = sourcecode.swift; path = UserDetailRouter.swift; sourceTree = "<group>"; };
		15E225D427CA080200C0642B /* AnyDetailRouter.swift */ = {isa = PBXFileReference; lastKnownFileType = sourcecode.swift; path = AnyDetailRouter.swift; sourceTree = "<group>"; };
		15E225D627CA0C0200C0642B /* UserDetailPresenter.swift */ = {isa = PBXFileReference; lastKnownFileType = sourcecode.swift; path = UserDetailPresenter.swift; sourceTree = "<group>"; };
		15E225D827CA0D8B00C0642B /* UserDetailInteractor.swift */ = {isa = PBXFileReference; lastKnownFileType = sourcecode.swift; path = UserDetailInteractor.swift; sourceTree = "<group>"; };
		15E225DA27CA329500C0642B /* UserModule.swift */ = {isa = PBXFileReference; lastKnownFileType = sourcecode.swift; path = UserModule.swift; sourceTree = "<group>"; };
/* End PBXFileReference section */

/* Begin PBXFrameworksBuildPhase section */
		15E2258B27C9EADB00C0642B /* Frameworks */ = {
			isa = PBXFrameworksBuildPhase;
			buildActionMask = 2147483647;
			files = (
			);
			runOnlyForDeploymentPostprocessing = 0;
		};
/* End PBXFrameworksBuildPhase section */

/* Begin PBXGroup section */
		1594B4E027CA36B2008CFA7B /* Interfaces */ = {
			isa = PBXGroup;
			children = (
				15E225A727C9EB3B00C0642B /* AnyView.swift */,
				15E225AF27C9EBEC00C0642B /* AnyInteractor.swift */,
				15E225AB27C9EBA200C0642B /* AnyPresenter.swift */,
				15E225B527C9ECB800C0642B /* AnyRouter.swift */,
			);
			path = Interfaces;
			sourceTree = "<group>";
		};
		1594B4E127CA36CC008CFA7B /* Implementation */ = {
			isa = PBXGroup;
			children = (
				15E225A927C9EB6900C0642B /* UserListViewController.swift */,
				15E225B127C9EC3800C0642B /* UserInteractor.swift */,
				15E225AD27C9EBCA00C0642B /* UserPresenter.swift */,
				15E225B927C9EE5300C0642B /* User.swift */,
				15E225B727C9ECDB00C0642B /* UserRouter.swift */,
			);
			path = Implementation;
			sourceTree = "<group>";
		};
		1594B4E227CA36EA008CFA7B /* Common */ = {
			isa = PBXGroup;
			children = (
				15E225B327C9EC8900C0642B /* UserError.swift */,
			);
			path = Common;
			sourceTree = "<group>";
		};
		1594B4E327CA3762008CFA7B /* Interfaces */ = {
			isa = PBXGroup;
			children = (
				15E225C827CA075900C0642B /* AnyDetailView.swift */,
				15E225CC27CA07B700C0642B /* AnyDetailInteractor.swift */,
				15E225CE27CA07CF00C0642B /* AnyDetailPresenter.swift */,
				15E225D427CA080200C0642B /* AnyDetailRouter.swift */,
			);
			path = Interfaces;
			sourceTree = "<group>";
		};
		1594B4E427CA3777008CFA7B /* Implementation */ = {
			isa = PBXGroup;
			children = (
				15E225CA27CA078F00C0642B /* UserDetailViewController.swift */,
				15E225D827CA0D8B00C0642B /* UserDetailInteractor.swift */,
				15E225D627CA0C0200C0642B /* UserDetailPresenter.swift */,
				15E225D027CA07DB00C0642B /* UserDetail.swift */,
				15E225D227CA07EF00C0642B /* UserDetailRouter.swift */,
			);
			path = Implementation;
			sourceTree = "<group>";
		};
		15E2258527C9EADB00C0642B = {
			isa = PBXGroup;
			children = (
				15E2259027C9EADB00C0642B /* VIPER_ARCH */,
				15E2258F27C9EADB00C0642B /* Products */,
			);
			sourceTree = "<group>";
		};
		15E2258F27C9EADB00C0642B /* Products */ = {
			isa = PBXGroup;
			children = (
				15E2258E27C9EADB00C0642B /* VIPER_ARCH.app */,
			);
			name = Products;
			sourceTree = "<group>";
		};
		15E2259027C9EADB00C0642B /* VIPER_ARCH */ = {
			isa = PBXGroup;
			children = (
				15E2259127C9EADB00C0642B /* AppDelegate.swift */,
				15E2259327C9EADB00C0642B /* SceneDelegate.swift */,
				15E2259A27C9EADE00C0642B /* Assets.xcassets */,
				15E2259C27C9EADE00C0642B /* LaunchScreen.storyboard */,
				15E225A527C9EAEF00C0642B /* Modules */,
				15E2259F27C9EADE00C0642B /* Info.plist */,
			);
			path = VIPER_ARCH;
			sourceTree = "<group>";
		};
		15E225A527C9EAEF00C0642B /* Modules */ = {
			isa = PBXGroup;
			children = (
				15E225A627C9EAFC00C0642B /* User */,
				15E225C227CA067600C0642B /* User Detail */,
			);
			path = Modules;
			sourceTree = "<group>";
		};
		15E225A627C9EAFC00C0642B /* User */ = {
			isa = PBXGroup;
			children = (
				15E225DA27CA329500C0642B /* UserModule.swift */,
				1594B4E227CA36EA008CFA7B /* Common */,
				1594B4E027CA36B2008CFA7B /* Interfaces */,
				1594B4E127CA36CC008CFA7B /* Implementation */,
			);
			path = User;
			sourceTree = "<group>";
		};
		15E225C227CA067600C0642B /* User Detail */ = {
			isa = PBXGroup;
			children = (
				1594B4DE27CA3551008CFA7B /* UserDetailModule.swift */,
				1594B4E327CA3762008CFA7B /* Interfaces */,
				1594B4E427CA3777008CFA7B /* Implementation */,
			);
			path = "User Detail";
			sourceTree = "<group>";
		};
/* End PBXGroup section */

/* Begin PBXNativeTarget section */
		15E2258D27C9EADB00C0642B /* VIPER_ARCH */ = {
			isa = PBXNativeTarget;
			buildConfigurationList = 15E225A227C9EADE00C0642B /* Build configuration list for PBXNativeTarget "VIPER_ARCH" */;
			buildPhases = (
				15E2258A27C9EADB00C0642B /* Sources */,
				15E2258B27C9EADB00C0642B /* Frameworks */,
				15E2258C27C9EADB00C0642B /* Resources */,
			);
			buildRules = (
			);
			dependencies = (
			);
			name = VIPER_ARCH;
			productName = VIPER_ARCH;
			productReference = 15E2258E27C9EADB00C0642B /* VIPER_ARCH.app */;
			productType = "com.apple.product-type.application";
		};
/* End PBXNativeTarget section */

/* Begin PBXProject section */
		15E2258627C9EADB00C0642B /* Project object */ = {
			isa = PBXProject;
			attributes = {
				BuildIndependentTargetsInParallel = 1;
				LastSwiftUpdateCheck = 1320;
				LastUpgradeCheck = 1320;
				TargetAttributes = {
					15E2258D27C9EADB00C0642B = {
						CreatedOnToolsVersion = 13.2.1;
					};
				};
			};
			buildConfigurationList = 15E2258927C9EADB00C0642B /* Build configuration list for PBXProject "VIPER_ARCH" */;
			compatibilityVersion = "Xcode 13.0";
			developmentRegion = en;
			hasScannedForEncodings = 0;
			knownRegions = (
				en,
				Base,
			);
			mainGroup = 15E2258527C9EADB00C0642B;
			productRefGroup = 15E2258F27C9EADB00C0642B /* Products */;
			projectDirPath = "";
			projectRoot = "";
			targets = (
				15E2258D27C9EADB00C0642B /* VIPER_ARCH */,
			);
		};
/* End PBXProject section */

/* Begin PBXResourcesBuildPhase section */
		15E2258C27C9EADB00C0642B /* Resources */ = {
			isa = PBXResourcesBuildPhase;
			buildActionMask = 2147483647;
			files = (
				15E2259E27C9EADE00C0642B /* LaunchScreen.storyboard in Resources */,
				15E2259B27C9EADE00C0642B /* Assets.xcassets in Resources */,
			);
			runOnlyForDeploymentPostprocessing = 0;
		};
/* End PBXResourcesBuildPhase section */

/* Begin PBXSourcesBuildPhase section */
		15E2258A27C9EADB00C0642B /* Sources */ = {
			isa = PBXSourcesBuildPhase;
			buildActionMask = 2147483647;
			files = (
				15E225CB27CA078F00C0642B /* UserDetailViewController.swift in Sources */,
				15E225CD27CA07B700C0642B /* AnyDetailInteractor.swift in Sources */,
				15E225AA27C9EB6900C0642B /* UserListViewController.swift in Sources */,
				15E225B627C9ECB800C0642B /* AnyRouter.swift in Sources */,
				15E225B027C9EBEC00C0642B /* AnyInteractor.swift in Sources */,
				15E225AC27C9EBA200C0642B /* AnyPresenter.swift in Sources */,
				15E225DB27CA329500C0642B /* UserModule.swift in Sources */,
				15E225CF27CA07CF00C0642B /* AnyDetailPresenter.swift in Sources */,
				15E225B427C9EC8900C0642B /* UserError.swift in Sources */,
				15E225AE27C9EBCA00C0642B /* UserPresenter.swift in Sources */,
				15E225D927CA0D8B00C0642B /* UserDetailInteractor.swift in Sources */,
				15E225B827C9ECDB00C0642B /* UserRouter.swift in Sources */,
				15E225D727CA0C0200C0642B /* UserDetailPresenter.swift in Sources */,
				15E225B227C9EC3800C0642B /* UserInteractor.swift in Sources */,
				15E225D127CA07DB00C0642B /* UserDetail.swift in Sources */,
				15E225BA27C9EE5300C0642B /* User.swift in Sources */,
				15E2259227C9EADB00C0642B /* AppDelegate.swift in Sources */,
				15E2259427C9EADB00C0642B /* SceneDelegate.swift in Sources */,
				1594B4DF27CA3551008CFA7B /* UserDetailModule.swift in Sources */,
				15E225C927CA075900C0642B /* AnyDetailView.swift in Sources */,
				15E225D527CA080200C0642B /* AnyDetailRouter.swift in Sources */,
				15E225D327CA07EF00C0642B /* UserDetailRouter.swift in Sources */,
				15E225A827C9EB3B00C0642B /* AnyView.swift in Sources */,
			);
			runOnlyForDeploymentPostprocessing = 0;
		};
/* End PBXSourcesBuildPhase section */

/* Begin PBXVariantGroup section */
		15E2259C27C9EADE00C0642B /* LaunchScreen.storyboard */ = {
			isa = PBXVariantGroup;
			children = (
				15E2259D27C9EADE00C0642B /* Base */,
			);
			name = LaunchScreen.storyboard;
			sourceTree = "<group>";
		};
/* End PBXVariantGroup section */

/* Begin XCBuildConfiguration section */
		15E225A027C9EADE00C0642B /* Debug */ = {
			isa = XCBuildConfiguration;
			buildSettings = {
				ALWAYS_SEARCH_USER_PATHS = NO;
				CLANG_ANALYZER_NONNULL = YES;
				CLANG_ANALYZER_NUMBER_OBJECT_CONVERSION = YES_AGGRESSIVE;
				CLANG_CXX_LANGUAGE_STANDARD = "gnu++17";
				CLANG_CXX_LIBRARY = "libc++";
				CLANG_ENABLE_MODULES = YES;
				CLANG_ENABLE_OBJC_ARC = YES;
				CLANG_ENABLE_OBJC_WEAK = YES;
				CLANG_WARN_BLOCK_CAPTURE_AUTORELEASING = YES;
				CLANG_WARN_BOOL_CONVERSION = YES;
				CLANG_WARN_COMMA = YES;
				CLANG_WARN_CONSTANT_CONVERSION = YES;
				CLANG_WARN_DEPRECATED_OBJC_IMPLEMENTATIONS = YES;
				CLANG_WARN_DIRECT_OBJC_ISA_USAGE = YES_ERROR;
				CLANG_WARN_DOCUMENTATION_COMMENTS = YES;
				CLANG_WARN_EMPTY_BODY = YES;
				CLANG_WARN_ENUM_CONVERSION = YES;
				CLANG_WARN_INFINITE_RECURSION = YES;
				CLANG_WARN_INT_CONVERSION = YES;
				CLANG_WARN_NON_LITERAL_NULL_CONVERSION = YES;
				CLANG_WARN_OBJC_IMPLICIT_RETAIN_SELF = YES;
				CLANG_WARN_OBJC_LITERAL_CONVERSION = YES;
				CLANG_WARN_OBJC_ROOT_CLASS = YES_ERROR;
				CLANG_WARN_QUOTED_INCLUDE_IN_FRAMEWORK_HEADER = YES;
				CLANG_WARN_RANGE_LOOP_ANALYSIS = YES;
				CLANG_WARN_STRICT_PROTOTYPES = YES;
				CLANG_WARN_SUSPICIOUS_MOVE = YES;
				CLANG_WARN_UNGUARDED_AVAILABILITY = YES_AGGRESSIVE;
				CLANG_WARN_UNREACHABLE_CODE = YES;
				CLANG_WARN__DUPLICATE_METHOD_MATCH = YES;
				COPY_PHASE_STRIP = NO;
				DEBUG_INFORMATION_FORMAT = dwarf;
				ENABLE_STRICT_OBJC_MSGSEND = YES;
				ENABLE_TESTABILITY = YES;
				GCC_C_LANGUAGE_STANDARD = gnu11;
				GCC_DYNAMIC_NO_PIC = NO;
				GCC_NO_COMMON_BLOCKS = YES;
				GCC_OPTIMIZATION_LEVEL = 0;
				GCC_PREPROCESSOR_DEFINITIONS = (
					"DEBUG=1",
					"$(inherited)",
				);
				GCC_WARN_64_TO_32_BIT_CONVERSION = YES;
				GCC_WARN_ABOUT_RETURN_TYPE = YES_ERROR;
				GCC_WARN_UNDECLARED_SELECTOR = YES;
				GCC_WARN_UNINITIALIZED_AUTOS = YES_AGGRESSIVE;
				GCC_WARN_UNUSED_FUNCTION = YES;
				GCC_WARN_UNUSED_VARIABLE = YES;
				IPHONEOS_DEPLOYMENT_TARGET = 15.2;
				MTL_ENABLE_DEBUG_INFO = INCLUDE_SOURCE;
				MTL_FAST_MATH = YES;
				ONLY_ACTIVE_ARCH = YES;
				SDKROOT = iphoneos;
				SWIFT_ACTIVE_COMPILATION_CONDITIONS = DEBUG;
				SWIFT_OPTIMIZATION_LEVEL = "-Onone";
			};
			name = Debug;
		};
		15E225A127C9EADE00C0642B /* Release */ = {
			isa = XCBuildConfiguration;
			buildSettings = {
				ALWAYS_SEARCH_USER_PATHS = NO;
				CLANG_ANALYZER_NONNULL = YES;
				CLANG_ANALYZER_NUMBER_OBJECT_CONVERSION = YES_AGGRESSIVE;
				CLANG_CXX_LANGUAGE_STANDARD = "gnu++17";
				CLANG_CXX_LIBRARY = "libc++";
				CLANG_ENABLE_MODULES = YES;
				CLANG_ENABLE_OBJC_ARC = YES;
				CLANG_ENABLE_OBJC_WEAK = YES;
				CLANG_WARN_BLOCK_CAPTURE_AUTORELEASING = YES;
				CLANG_WARN_BOOL_CONVERSION = YES;
				CLANG_WARN_COMMA = YES;
				CLANG_WARN_CONSTANT_CONVERSION = YES;
				CLANG_WARN_DEPRECATED_OBJC_IMPLEMENTATIONS = YES;
				CLANG_WARN_DIRECT_OBJC_ISA_USAGE = YES_ERROR;
				CLANG_WARN_DOCUMENTATION_COMMENTS = YES;
				CLANG_WARN_EMPTY_BODY = YES;
				CLANG_WARN_ENUM_CONVERSION = YES;
				CLANG_WARN_INFINITE_RECURSION = YES;
				CLANG_WARN_INT_CONVERSION = YES;
				CLANG_WARN_NON_LITERAL_NULL_CONVERSION = YES;
				CLANG_WARN_OBJC_IMPLICIT_RETAIN_SELF = YES;
				CLANG_WARN_OBJC_LITERAL_CONVERSION = YES;
				CLANG_WARN_OBJC_ROOT_CLASS = YES_ERROR;
				CLANG_WARN_QUOTED_INCLUDE_IN_FRAMEWORK_HEADER = YES;
				CLANG_WARN_RANGE_LOOP_ANALYSIS = YES;
				CLANG_WARN_STRICT_PROTOTYPES = YES;
				CLANG_WARN_SUSPICIOUS_MOVE = YES;
				CLANG_WARN_UNGUARDED_AVAILABILITY = YES_AGGRESSIVE;
				CLANG_WARN_UNREACHABLE_CODE = YES;
				CLANG_WARN__DUPLICATE_METHOD_MATCH = YES;
				COPY_PHASE_STRIP = NO;
				DEBUG_INFORMATION_FORMAT = "dwarf-with-dsym";
				ENABLE_NS_ASSERTIONS = NO;
				ENABLE_STRICT_OBJC_MSGSEND = YES;
				GCC_C_LANGUAGE_STANDARD = gnu11;
				GCC_NO_COMMON_BLOCKS = YES;
				GCC_WARN_64_TO_32_BIT_CONVERSION = YES;
				GCC_WARN_ABOUT_RETURN_TYPE = YES_ERROR;
				GCC_WARN_UNDECLARED_SELECTOR = YES;
				GCC_WARN_UNINITIALIZED_AUTOS = YES_AGGRESSIVE;
				GCC_WARN_UNUSED_FUNCTION = YES;
				GCC_WARN_UNUSED_VARIABLE = YES;
				IPHONEOS_DEPLOYMENT_TARGET = 15.2;
				MTL_ENABLE_DEBUG_INFO = NO;
				MTL_FAST_MATH = YES;
				SDKROOT = iphoneos;
				SWIFT_COMPILATION_MODE = wholemodule;
				SWIFT_OPTIMIZATION_LEVEL = "-O";
				VALIDATE_PRODUCT = YES;
			};
			name = Release;
		};
		15E225A327C9EADE00C0642B /* Debug */ = {
			isa = XCBuildConfiguration;
			buildSettings = {
				ASSETCATALOG_COMPILER_APPICON_NAME = AppIcon;
				ASSETCATALOG_COMPILER_GLOBAL_ACCENT_COLOR_NAME = AccentColor;
				CODE_SIGN_STYLE = Automatic;
				CURRENT_PROJECT_VERSION = 1;
				DEVELOPMENT_TEAM = B6LN4XWA2V;
				GENERATE_INFOPLIST_FILE = YES;
				INFOPLIST_FILE = VIPER_ARCH/Info.plist;
				INFOPLIST_KEY_UIApplicationSupportsIndirectInputEvents = YES;
				INFOPLIST_KEY_UILaunchStoryboardName = LaunchScreen;
				INFOPLIST_KEY_UISupportedInterfaceOrientations_iPad = "UIInterfaceOrientationPortrait UIInterfaceOrientationPortraitUpsideDown UIInterfaceOrientationLandscapeLeft UIInterfaceOrientationLandscapeRight";
				INFOPLIST_KEY_UISupportedInterfaceOrientations_iPhone = "UIInterfaceOrientationPortrait UIInterfaceOrientationLandscapeLeft UIInterfaceOrientationLandscapeRight";
				LD_RUNPATH_SEARCH_PATHS = (
					"$(inherited)",
					"@executable_path/Frameworks",
				);
				MARKETING_VERSION = 1.0;
				PRODUCT_BUNDLE_IDENTIFIER = "com.va.VIPER-ARCH";
				PRODUCT_NAME = "$(TARGET_NAME)";
				SWIFT_EMIT_LOC_STRINGS = YES;
				SWIFT_VERSION = 5.0;
				TARGETED_DEVICE_FAMILY = "1,2";
			};
			name = Debug;
		};
		15E225A427C9EADE00C0642B /* Release */ = {
			isa = XCBuildConfiguration;
			buildSettings = {
				ASSETCATALOG_COMPILER_APPICON_NAME = AppIcon;
				ASSETCATALOG_COMPILER_GLOBAL_ACCENT_COLOR_NAME = AccentColor;
				CODE_SIGN_STYLE = Automatic;
				CURRENT_PROJECT_VERSION = 1;
				DEVELOPMENT_TEAM = B6LN4XWA2V;
				GENERATE_INFOPLIST_FILE = YES;
				INFOPLIST_FILE = VIPER_ARCH/Info.plist;
				INFOPLIST_KEY_UIApplicationSupportsIndirectInputEvents = YES;
				INFOPLIST_KEY_UILaunchStoryboardName = LaunchScreen;
				INFOPLIST_KEY_UISupportedInterfaceOrientations_iPad = "UIInterfaceOrientationPortrait UIInterfaceOrientationPortraitUpsideDown UIInterfaceOrientationLandscapeLeft UIInterfaceOrientationLandscapeRight";
				INFOPLIST_KEY_UISupportedInterfaceOrientations_iPhone = "UIInterfaceOrientationPortrait UIInterfaceOrientationLandscapeLeft UIInterfaceOrientationLandscapeRight";
				LD_RUNPATH_SEARCH_PATHS = (
					"$(inherited)",
					"@executable_path/Frameworks",
				);
				MARKETING_VERSION = 1.0;
				PRODUCT_BUNDLE_IDENTIFIER = "com.va.VIPER-ARCH";
				PRODUCT_NAME = "$(TARGET_NAME)";
				SWIFT_EMIT_LOC_STRINGS = YES;
				SWIFT_VERSION = 5.0;
				TARGETED_DEVICE_FAMILY = "1,2";
			};
			name = Release;
		};
/* End XCBuildConfiguration section */

/* Begin XCConfigurationList section */
		15E2258927C9EADB00C0642B /* Build configuration list for PBXProject "VIPER_ARCH" */ = {
			isa = XCConfigurationList;
			buildConfigurations = (
				15E225A027C9EADE00C0642B /* Debug */,
				15E225A127C9EADE00C0642B /* Release */,
			);
			defaultConfigurationIsVisible = 0;
			defaultConfigurationName = Release;
		};
		15E225A227C9EADE00C0642B /* Build configuration list for PBXNativeTarget "VIPER_ARCH" */ = {
			isa = XCConfigurationList;
			buildConfigurations = (
				15E225A327C9EADE00C0642B /* Debug */,
				15E225A427C9EADE00C0642B /* Release */,
			);
			defaultConfigurationIsVisible = 0;
			defaultConfigurationName = Release;
		};
/* End XCConfigurationList section */
	};
	rootObject = 15E2258627C9EADB00C0642B /* Project object */;
}
